
Microsoft Visual Studio Solution File, Format Version 12.00
# Visual Studio Version 17
VisualStudioVersion = 17.7.34202.233
MinimumVisualStudioVersion = 10.0.40219.1
Project("{9A19103F-16F7-4668-BE54-9A1E7A4F7556}") = "HospitalAppointmentSystem", "HospitalAppointmentSystem\HospitalAppointmentSystem.csproj", "{1268637B-EEB0-4C84-A90D-A8727B4DB8B5}"
EndProject
Global
	GlobalSection(SolutionConfigurationPlatforms) = preSolution
		Debug|Any CPU = Debug|Any CPU
		Release|Any CPU = Release|Any CPU
	EndGlobalSection
	GlobalSection(ProjectConfigurationPlatforms) = postSolution
		{1268637B-EEB0-4C84-A90D-A8727B4DB8B5}.Debug|Any CPU.ActiveCfg = Debug|Any CPU
		{1268637B-EEB0-4C84-A90D-A8727B4DB8B5}.Debug|Any CPU.Build.0 = Debug|Any CPU
		{1268637B-EEB0-4C84-A90D-A8727B4DB8B5}.Release|Any CPU.ActiveCfg = Release|Any CPU
		{1268637B-EEB0-4C84-A90D-A8727B4DB8B5}.Release|Any CPU.Build.0 = Release|Any CPU
	EndGlobalSection
	GlobalSection(SolutionProperties) = preSolution
		HideSolutionNode = FALSE
	EndGlobalSection
	GlobalSection(ExtensibilityGlobals) = postSolution
		SolutionGuid = {3B4725DB-58D7-4657-80E4-0AE8BBAD6DD5}
	EndGlobalSection
EndGlobal
